<?xml version="1.0" encoding="UTF-8"?>
<Scheme
<<<<<<< HEAD
   LastUpgradeVersion = "1210"
=======
   LastUpgradeVersion = "1220"
>>>>>>> dev
   version = "1.3">
   <BuildAction
      parallelizeBuildables = "YES"
      buildImplicitDependencies = "YES">
      <BuildActionEntries>
         <BuildActionEntry
            buildForTesting = "YES"
            buildForRunning = "YES"
            buildForProfiling = "YES"
            buildForArchiving = "YES"
            buildForAnalyzing = "YES">
            <BuildableReference
               BuildableIdentifier = "primary"
               BlueprintIdentifier = "ECBE19EF2566BE7600421F29"
               BuildableName = "StoreAPP.app"
               BlueprintName = "StoreAPP"
               ReferencedContainer = "container:StoreAPP.xcodeproj">
            </BuildableReference>
         </BuildActionEntry>
      </BuildActionEntries>
   </BuildAction>
   <TestAction
      buildConfiguration = "Debug"
      selectedDebuggerIdentifier = "Xcode.DebuggerFoundation.Debugger.LLDB"
      selectedLauncherIdentifier = "Xcode.DebuggerFoundation.Launcher.LLDB"
<<<<<<< HEAD
      shouldUseLaunchSchemeArgsEnv = "YES">
      <Testables>
=======
      shouldUseLaunchSchemeArgsEnv = "YES"
      codeCoverageEnabled = "YES">
      <Testables>
         <TestableReference
            skipped = "NO">
            <BuildableReference
               BuildableIdentifier = "primary"
               BlueprintIdentifier = "ECBE1A082566BE7900421F29"
               BuildableName = "StoreAPPTests.xctest"
               BlueprintName = "StoreAPPTests"
               ReferencedContainer = "container:StoreAPP.xcodeproj">
            </BuildableReference>
         </TestableReference>
         <TestableReference
            skipped = "NO">
            <BuildableReference
               BuildableIdentifier = "primary"
               BlueprintIdentifier = "ECBE1A132566BE7900421F29"
               BuildableName = "StoreAPPUITests.xctest"
               BlueprintName = "StoreAPPUITests"
               ReferencedContainer = "container:StoreAPP.xcodeproj">
            </BuildableReference>
         </TestableReference>
>>>>>>> dev
      </Testables>
   </TestAction>
   <LaunchAction
      buildConfiguration = "Debug"
      selectedDebuggerIdentifier = "Xcode.DebuggerFoundation.Debugger.LLDB"
      selectedLauncherIdentifier = "Xcode.DebuggerFoundation.Launcher.LLDB"
      launchStyle = "0"
      useCustomWorkingDirectory = "NO"
      ignoresPersistentStateOnLaunch = "NO"
      debugDocumentVersioning = "YES"
      debugServiceExtension = "internal"
      allowLocationSimulation = "YES">
      <BuildableProductRunnable
         runnableDebuggingMode = "0">
         <BuildableReference
            BuildableIdentifier = "primary"
            BlueprintIdentifier = "ECBE19EF2566BE7600421F29"
            BuildableName = "StoreAPP.app"
            BlueprintName = "StoreAPP"
            ReferencedContainer = "container:StoreAPP.xcodeproj">
         </BuildableReference>
      </BuildableProductRunnable>
   </LaunchAction>
   <ProfileAction
      buildConfiguration = "Release"
      shouldUseLaunchSchemeArgsEnv = "YES"
      savedToolIdentifier = ""
      useCustomWorkingDirectory = "NO"
      debugDocumentVersioning = "YES">
      <BuildableProductRunnable
         runnableDebuggingMode = "0">
         <BuildableReference
            BuildableIdentifier = "primary"
            BlueprintIdentifier = "ECBE19EF2566BE7600421F29"
            BuildableName = "StoreAPP.app"
            BlueprintName = "StoreAPP"
            ReferencedContainer = "container:StoreAPP.xcodeproj">
         </BuildableReference>
      </BuildableProductRunnable>
   </ProfileAction>
   <AnalyzeAction
      buildConfiguration = "Debug">
   </AnalyzeAction>
   <ArchiveAction
      buildConfiguration = "Release"
      revealArchiveInOrganizer = "YES">
   </ArchiveAction>
</Scheme>
